PODS:
  - AFNetworking (3.1.0):
    - AFNetworking/NSURLSession (= 3.1.0)
    - AFNetworking/Reachability (= 3.1.0)
    - AFNetworking/Security (= 3.1.0)
    - AFNetworking/Serialization (= 3.1.0)
    - AFNetworking/UIKit (= 3.1.0)
  - AFNetworking/NSURLSession (3.1.0):
    - AFNetworking/Reachability
    - AFNetworking/Security
    - AFNetworking/Serialization
  - AFNetworking/Reachability (3.1.0)
  - AFNetworking/Security (3.1.0)
  - AFNetworking/Serialization (3.1.0)
  - AFNetworking/UIKit (3.1.0):
    - AFNetworking/NSURLSession
  - BaiduMapKit (3.0.0)
  - JPush (2.1.9)
  - JSONModel (1.2.0)
  - MBProgressHUD (1.0.0)
  - MJRefresh (3.1.12)
  - SDAutoLayout (2.0.0)
  - SDWebImage (3.7.6):
    - SDWebImage/Core (= 3.7.6)
  - SDWebImage/Core (3.7.6)
  - UMengAnalytics (4.0.4)
  - UMengSocialCOM (5.2.1)

DEPENDENCIES:
  - AFNetworking (~> 3.1.0)
  - BaiduMapKit (~> 3.0.0)
  - JPush (~> 2.1.7)
  - JSONModel (~> 1.2.0)
  - MBProgressHUD (~> 1.0.0)
  - MJRefresh (~> 3.1.7)
  - SDAutoLayout (~> 2.0.0)
  - SDWebImage (~> 3.7.6)
  - UMengAnalytics (~> 4.0.4)
  - UMengSocialCOM (~> 5.2.1)

SPEC CHECKSUMS:
  AFNetworking: 5e0e199f73d8626b11e79750991f5d173d1f8b67
  BaiduMapKit: de2a726d5296d6b2dc0e974b683af73153608dcd
  JPush: 8bccf709ace4318a8e7008cc4fab42b706bfad46
  JSONModel: 12523685c4b623553ccf844bbbf7007624317b2c
  MBProgressHUD: 4890f671c94e8a0f3cf959aa731e9de2f036d71a
  MJRefresh: b96cdb21c4aa75a7b07654311ab2f315c497e806
  SDAutoLayout: ae98d238e4721c1566abec57bcb2fa1fbe62a0df
  SDWebImage: c325cf02c30337336b95beff20a13df489ec0ec9
  UMengAnalytics: 4ed421fb3bca63b26fc13c947743cabf3831d199
  UMengSocialCOM: 074c135ce349aa4c8848d3fb8458757bcb6ffb67

PODFILE CHECKSUM: 6c343d08cb7d84f7c5a40402c74ee7d19a72c17c

COCOAPODS: 1.0.0
